
Microsoft Visual Studio Solution File, Format Version 12.00
# Visual Studio Version 16
VisualStudioVersion = 16.0.32602.291
MinimumVisualStudioVersion = 10.0.40219.1
Project("{FAE04EC0-301F-11D3-BF4B-00C04F79EFBC}") = "Q10_A2", "Q10_A2.csproj", "{31B7E967-19D8-4E7E-A6CC-C1B92040D21E}"
EndProject
Global
	GlobalSection(SolutionConfigurationPlatforms) = preSolution
		Debug|Any CPU = Debug|Any CPU
		Release|Any CPU = Release|Any CPU
	EndGlobalSection
	GlobalSection(ProjectConfigurationPlatforms) = postSolution
		{31B7E967-19D8-4E7E-A6CC-C1B92040D21E}.Debug|Any CPU.ActiveCfg = Debug|Any CPU
		{31B7E967-19D8-4E7E-A6CC-C1B92040D21E}.Debug|Any CPU.Build.0 = Debug|Any CPU
		{31B7E967-19D8-4E7E-A6CC-C1B92040D21E}.Release|Any CPU.ActiveCfg = Release|Any CPU
		{31B7E967-19D8-4E7E-A6CC-C1B92040D21E}.Release|Any CPU.Build.0 = Release|Any CPU
	EndGlobalSection
	GlobalSection(SolutionProperties) = preSolution
		HideSolutionNode = FALSE
	EndGlobalSection
	GlobalSection(ExtensibilityGlobals) = postSolution
		SolutionGuid = {24AD737C-5E81-4BFD-B946-99CA6CCFEB4A}
	EndGlobalSection
EndGlobal
